
Microsoft Visual Studio Solution File, Format Version 12.00
# Visual Studio Version 17
VisualStudioVersion = 17.1.32210.238
MinimumVisualStudioVersion = 10.0.40219.1
Project("{8BC9CEB8-8B4A-11D0-8D11-00A0C91BC942}") = "Proiect", "Proiect\Proiect.vcxproj", "{A16BF2CA-D817-4CE8-84AB-2F803F38222F}"
EndProject
Global
	GlobalSection(SolutionConfigurationPlatforms) = preSolution
		Debug|x64 = Debug|x64
		Debug|x86 = Debug|x86
		Release|x64 = Release|x64
		Release|x86 = Release|x86
	EndGlobalSection
	GlobalSection(ProjectConfigurationPlatforms) = postSolution
		{A16BF2CA-D817-4CE8-84AB-2F803F38222F}.Debug|x64.ActiveCfg = Debug|x64
		{A16BF2CA-D817-4CE8-84AB-2F803F38222F}.Debug|x64.Build.0 = Debug|x64
		{A16BF2CA-D817-4CE8-84AB-2F803F38222F}.Debug|x86.ActiveCfg = Debug|Win32
		{A16BF2CA-D817-4CE8-84AB-2F803F38222F}.Debug|x86.Build.0 = Debug|Win32
		{A16BF2CA-D817-4CE8-84AB-2F803F38222F}.Release|x64.ActiveCfg = Release|x64
		{A16BF2CA-D817-4CE8-84AB-2F803F38222F}.Release|x64.Build.0 = Release|x64
		{A16BF2CA-D817-4CE8-84AB-2F803F38222F}.Release|x86.ActiveCfg = Release|Win32
		{A16BF2CA-D817-4CE8-84AB-2F803F38222F}.Release|x86.Build.0 = Release|Win32
	EndGlobalSection
	GlobalSection(SolutionProperties) = preSolution
		HideSolutionNode = FALSE
	EndGlobalSection
	GlobalSection(ExtensibilityGlobals) = postSolution
		SolutionGuid = {D4936384-91E1-4A00-AE97-BD13AE9102D8}
	EndGlobalSection
EndGlobal
